
Microsoft Visual Studio Solution File, Format Version 12.00
# Visual Studio Version 16
VisualStudioVersion = 16.0.36128.20
MinimumVisualStudioVersion = 10.0.40219.1
Project("{8BC9CEB8-8B4A-11D0-8D11-00A0C91BC942}") = "StarshineLib", "src\StarshineLib\StarshineLib.vcxproj", "{71AA7175-A2C5-405B-9946-D79260200BDA}"
EndProject
Project("{2150E333-8FDC-42A3-9474-1A3956D46DE8}") = "Tools", "Tools", "{F0431DF3-54D1-4E22-BE07-54A5EB646209}"
EndProject
Project("{8BC9CEB8-8B4A-11D0-8D11-00A0C91BC942}") = "SpritePack", "src\Tools\SpritePack\SpritePack.vcxproj", "{785FB5EC-20AB-48D8-99BB-F25A55B76B26}"
EndProject
Project("{8BC9CEB8-8B4A-11D0-8D11-00A0C91BC942}") = "StarshineFramework", "src\StarshineFramework\StarshineFramework.vcxproj", "{F964F200-541C-4312-AE56-9485A0AB6848}"
EndProject
Project("{8BC9CEB8-8B4A-11D0-8D11-00A0C91BC942}") = "Sandbox", "src\Sandbox\Sandbox.vcxproj", "{4508002B-5545-4CC1-B214-63586895E641}"
EndProject
Project("{8BC9CEB8-8B4A-11D0-8D11-00A0C91BC942}") = "DIVA", "src\DIVA\DIVA.vcxproj", "{10692E93-A0C9-4817-AEEE-C0AAEEBEF52F}"
EndProject
Global
	GlobalSection(SolutionConfigurationPlatforms) = preSolution
		Debug|x64 = Debug|x64
		Release|x64 = Release|x64
	EndGlobalSection
	GlobalSection(ProjectConfigurationPlatforms) = postSolution
		{71AA7175-A2C5-405B-9946-D79260200BDA}.Debug|x64.ActiveCfg = Debug|x64
		{71AA7175-A2C5-405B-9946-D79260200BDA}.Debug|x64.Build.0 = Debug|x64
		{71AA7175-A2C5-405B-9946-D79260200BDA}.Release|x64.ActiveCfg = Release|x64
		{71AA7175-A2C5-405B-9946-D79260200BDA}.Release|x64.Build.0 = Release|x64
		{785FB5EC-20AB-48D8-99BB-F25A55B76B26}.Debug|x64.ActiveCfg = Debug|x64
		{785FB5EC-20AB-48D8-99BB-F25A55B76B26}.Debug|x64.Build.0 = Debug|x64
		{785FB5EC-20AB-48D8-99BB-F25A55B76B26}.Release|x64.ActiveCfg = Release|x64
		{785FB5EC-20AB-48D8-99BB-F25A55B76B26}.Release|x64.Build.0 = Release|x64
		{F964F200-541C-4312-AE56-9485A0AB6848}.Debug|x64.ActiveCfg = Debug|x64
		{F964F200-541C-4312-AE56-9485A0AB6848}.Debug|x64.Build.0 = Debug|x64
		{F964F200-541C-4312-AE56-9485A0AB6848}.Release|x64.ActiveCfg = Release|x64
		{F964F200-541C-4312-AE56-9485A0AB6848}.Release|x64.Build.0 = Release|x64
		{4508002B-5545-4CC1-B214-63586895E641}.Debug|x64.ActiveCfg = Debug|x64
		{4508002B-5545-4CC1-B214-63586895E641}.Debug|x64.Build.0 = Debug|x64
		{4508002B-5545-4CC1-B214-63586895E641}.Release|x64.ActiveCfg = Release|x64
		{4508002B-5545-4CC1-B214-63586895E641}.Release|x64.Build.0 = Release|x64
		{10692E93-A0C9-4817-AEEE-C0AAEEBEF52F}.Debug|x64.ActiveCfg = Debug|x64
		{10692E93-A0C9-4817-AEEE-C0AAEEBEF52F}.Debug|x64.Build.0 = Debug|x64
		{10692E93-A0C9-4817-AEEE-C0AAEEBEF52F}.Release|x64.ActiveCfg = Release|x64
		{10692E93-A0C9-4817-AEEE-C0AAEEBEF52F}.Release|x64.Build.0 = Release|x64
	EndGlobalSection
	GlobalSection(SolutionProperties) = preSolution
		HideSolutionNode = FALSE
	EndGlobalSection
	GlobalSection(NestedProjects) = preSolution
		{785FB5EC-20AB-48D8-99BB-F25A55B76B26} = {F0431DF3-54D1-4E22-BE07-54A5EB646209}
	EndGlobalSection
	GlobalSection(ExtensibilityGlobals) = postSolution
		SolutionGuid = {7738C560-72E4-4BC8-BA22-5DD1E6448F40}
	EndGlobalSection
EndGlobal
