<?xml version="1.0" encoding="utf-8"?>
<Project ToolsVersion="4.0" xmlns="http://schemas.microsoft.com/developer/msbuild/2003">
  <ItemGroup>
    <Filter Include="lib">
      <UniqueIdentifier>{3C8C880B-A895-887C-3111-9F7C9D19947C}</UniqueIdentifier>
    </Filter>
    <Filter Include="lib\fmt">
      <UniqueIdentifier>{72D04779-DEAF-C614-E7C7-51EB53262D76}</UniqueIdentifier>
    </Filter>
    <Filter Include="lib\fmt\src">
      <UniqueIdentifier>{8977DA80-F52C-5376-7E21-4D4DEAD5497A}</UniqueIdentifier>
    </Filter>
    <Filter Include="src_tools">
      <UniqueIdentifier>{BD8B2526-29F6-D99C-7234-8B42DEDDB7F1}</UniqueIdentifier>
    </Filter>
    <Filter Include="src_tools\SpritePack">
      <UniqueIdentifier>{02B423CC-EE42-AD95-9761-C19083CFBD3B}</UniqueIdentifier>
    </Filter>
    <Filter Include="src_tools\SpritePack\io">
      <UniqueIdentifier>{A922F9DF-155A-4177-1E64-A59A8A1A6870}</UniqueIdentifier>
    </Filter>
    <Filter Include="src_tools\SpritePack\qoi">
      <UniqueIdentifier>{3A9A1DDF-26BF-6C5F-4F0A-52EF3B8E6B7D}</UniqueIdentifier>
    </Filter>
    <Filter Include="src_tools\SpritePack\stb">
      <UniqueIdentifier>{5AA31DDF-46C8-6C5F-6F13-52EF5B976B7D}</UniqueIdentifier>
    </Filter>
  </ItemGroup>
  <ItemGroup>
    <ClInclude Include="src_tools\SpritePack\int_types.h">
      <Filter>src_tools\SpritePack</Filter>
    </ClInclude>
    <ClInclude Include="src_tools\SpritePack\io\binary_writer.h">
      <Filter>src_tools\SpritePack\io</Filter>
    </ClInclude>
    <ClInclude Include="src_tools\SpritePack\rect_pack.h">
      <Filter>src_tools\SpritePack</Filter>
    </ClInclude>
    <ClInclude Include="src_tools\SpritePack\types.h">
      <Filter>src_tools\SpritePack</Filter>
    </ClInclude>
  </ItemGroup>
  <ItemGroup>
    <ClCompile Include="lib\fmt\src\format.cc">
      <Filter>lib\fmt\src</Filter>
    </ClCompile>
    <ClCompile Include="src_tools\SpritePack\io\binary_writer.cpp">
      <Filter>src_tools\SpritePack\io</Filter>
    </ClCompile>
    <ClCompile Include="src_tools\SpritePack\main.cpp">
      <Filter>src_tools\SpritePack</Filter>
    </ClCompile>
    <ClCompile Include="src_tools\SpritePack\qoi\qoi.cpp">
      <Filter>src_tools\SpritePack\qoi</Filter>
    </ClCompile>
    <ClCompile Include="src_tools\SpritePack\rect_pack.cpp">
      <Filter>src_tools\SpritePack</Filter>
    </ClCompile>
    <ClCompile Include="src_tools\SpritePack\stb\stb_image.cpp">
      <Filter>src_tools\SpritePack\stb</Filter>
    </ClCompile>
    <ClCompile Include="src_tools\SpritePack\stb\stb_image_write.cpp">
      <Filter>src_tools\SpritePack\stb</Filter>
    </ClCompile>
    <ClCompile Include="src_tools\SpritePack\types.cpp">
      <Filter>src_tools\SpritePack</Filter>
    </ClCompile>
  </ItemGroup>
</Project>