<?xml version="1.0" encoding="utf-8"?>
<Project ToolsVersion="4.0" xmlns="http://schemas.microsoft.com/developer/msbuild/2003">
  <ItemGroup>
    <Filter Include="Source Files">
      <UniqueIdentifier>{4FC737F1-C7A5-4376-A066-2A32D752A2FF}</UniqueIdentifier>
      <Extensions>cpp;c;cc;cxx;c++;cppm;ixx;def;odl;idl;hpj;bat;asm;asmx</Extensions>
    </Filter>
    <Filter Include="Source Files\Common">
      <UniqueIdentifier>{6d087ee3-ddcc-4ca3-87e5-410ca7545165}</UniqueIdentifier>
    </Filter>
    <Filter Include="Source Files\IO">
      <UniqueIdentifier>{dab2d653-3219-45c2-b034-a4e988d9ff48}</UniqueIdentifier>
    </Filter>
    <Filter Include="Source Files\Misc">
      <UniqueIdentifier>{72ac6bfb-d4d1-48e4-8c58-a4d6df70ffa1}</UniqueIdentifier>
    </Filter>
    <Filter Include="Source Files\GFX">
      <UniqueIdentifier>{ad413135-77d1-462b-bbd1-05c587831afd}</UniqueIdentifier>
    </Filter>
    <Filter Include="Source Files\IO\Path">
      <UniqueIdentifier>{b252de57-498e-422a-81b8-3c93e8297c12}</UniqueIdentifier>
    </Filter>
    <Filter Include="Source Files\Lib">
      <UniqueIdentifier>{7b9fad2b-377a-4a18-b17c-c61957413be0}</UniqueIdentifier>
    </Filter>
  </ItemGroup>
  <ItemGroup>
    <ClInclude Include="src\Common\Types.h">
      <Filter>Source Files\Common</Filter>
    </ClInclude>
    <ClInclude Include="src\Common\MathExt.h">
      <Filter>Source Files\Common</Filter>
    </ClInclude>
    <ClInclude Include="src\Common\Rect.h">
      <Filter>Source Files\Common</Filter>
    </ClInclude>
    <ClInclude Include="src\Common\Color.h">
      <Filter>Source Files\Common</Filter>
    </ClInclude>
    <ClInclude Include="src\IO\IStream.h">
      <Filter>Source Files\IO</Filter>
    </ClInclude>
    <ClInclude Include="src\IO\FileStream.h">
      <Filter>Source Files\IO</Filter>
    </ClInclude>
    <ClInclude Include="src\IO\BinaryMode.h">
      <Filter>Source Files\IO</Filter>
    </ClInclude>
    <ClInclude Include="src\IO\StreamManipulator.h">
      <Filter>Source Files\IO</Filter>
    </ClInclude>
    <ClInclude Include="src\IO\StreamWriter.h">
      <Filter>Source Files\IO</Filter>
    </ClInclude>
    <ClInclude Include="src\IO\StreamReader.h">
      <Filter>Source Files\IO</Filter>
    </ClInclude>
    <ClInclude Include="src\Misc\EndianHelper.h">
      <Filter>Source Files\Misc</Filter>
    </ClInclude>
    <ClInclude Include="src\GFX\RectanglePacker.h">
      <Filter>Source Files\GFX</Filter>
    </ClInclude>
    <ClInclude Include="src\IO\Path\Directory.h">
      <Filter>Source Files\IO\Path</Filter>
    </ClInclude>
    <ClInclude Include="src\IO\Path\Path.h">
      <Filter>Source Files\IO\Path</Filter>
    </ClInclude>
    <ClInclude Include="src\IO\File.h">
      <Filter>Source Files\IO</Filter>
    </ClInclude>
    <ClInclude Include="src\IO\Xml.h">
      <Filter>Source Files\IO</Filter>
    </ClInclude>
    <ClInclude Include="src\GFX\SpritePacker.h">
      <Filter>Source Files\GFX</Filter>
    </ClInclude>
    <ClInclude Include="src\Misc\ImageHelper.h">
      <Filter>Source Files\Misc</Filter>
    </ClInclude>
  </ItemGroup>
  <ItemGroup>
    <None Include="src\.editorconfig">
      <Filter>Source Files</Filter>
    </None>
  </ItemGroup>
  <ItemGroup>
    <ClCompile Include="src\IO\FileStream.cpp">
      <Filter>Source Files\IO</Filter>
    </ClCompile>
    <ClCompile Include="src\IO\StreamWriter.cpp">
      <Filter>Source Files\IO</Filter>
    </ClCompile>
    <ClCompile Include="src\IO\StreamReader.cpp">
      <Filter>Source Files\IO</Filter>
    </ClCompile>
    <ClCompile Include="src\GFX\RectanglePacker.cpp">
      <Filter>Source Files\GFX</Filter>
    </ClCompile>
    <ClCompile Include="src\IO\Path\Directory.cpp">
      <Filter>Source Files\IO\Path</Filter>
    </ClCompile>
    <ClCompile Include="src\IO\File.cpp">
      <Filter>Source Files\IO</Filter>
    </ClCompile>
    <ClCompile Include="..\..\lib\tinyxml2\src\tinyxml2.cpp">
      <Filter>Source Files\Lib</Filter>
    </ClCompile>
    <ClCompile Include="src\GFX\SpritePacker.cpp">
      <Filter>Source Files\GFX</Filter>
    </ClCompile>
    <ClCompile Include="src\Misc\ImageHelper.cpp">
      <Filter>Source Files\Misc</Filter>
    </ClCompile>
    <ClCompile Include="src\IO\Path\Path.cpp">
      <Filter>Source Files\IO\Path</Filter>
    </ClCompile>
  </ItemGroup>
</Project>