<?xml version="1.0" encoding="utf-8"?>
<Project ToolsVersion="4.0" xmlns="http://schemas.microsoft.com/developer/msbuild/2003">
  <ItemGroup>
    <Filter Include="Source Files">
      <UniqueIdentifier>{4FC737F1-C7A5-4376-A066-2A32D752A2FF}</UniqueIdentifier>
      <Extensions>cpp;c;cc;cxx;c++;cppm;ixx;def;odl;idl;hpj;bat;asm;asmx</Extensions>
    </Filter>
    <Filter Include="Header Files">
      <UniqueIdentifier>{93995380-89BD-4b04-88EB-625FBE52EBFB}</UniqueIdentifier>
      <Extensions>h;hh;hpp;hxx;h++;hm;inl;inc;ipp;xsd</Extensions>
    </Filter>
    <Filter Include="Resource Files">
      <UniqueIdentifier>{67DA6AB6-F800-4c08-8B7A-83BB121AAD01}</UniqueIdentifier>
      <Extensions>rc;ico;cur;bmp;dlg;rc2;rct;bin;rgs;gif;jpg;jpeg;jpe;resx;tiff;tif;png;wav;mfcribbon-ms</Extensions>
    </Filter>
    <Filter Include="Source Files\gfx">
      <UniqueIdentifier>{69f56178-8429-473a-9e2e-39f981a5b870}</UniqueIdentifier>
    </Filter>
    <Filter Include="Header Files\gfx">
      <UniqueIdentifier>{4fd3591d-27e9-44a9-9c71-82d6ea72493d}</UniqueIdentifier>
    </Filter>
    <Filter Include="Header Files\gfx\helpers">
      <UniqueIdentifier>{4d6c75ac-846e-4373-bfda-e658d195f75e}</UniqueIdentifier>
    </Filter>
    <Filter Include="Source Files\gfx\helpers">
      <UniqueIdentifier>{a3e907c2-880f-46e3-ae71-6806197f6be3}</UniqueIdentifier>
    </Filter>
    <Filter Include="Header Files\gfx\lowlevel">
      <UniqueIdentifier>{f529eddc-7e5f-4181-ab5a-2525ad62fdcf}</UniqueIdentifier>
    </Filter>
    <Filter Include="Header Files\gfx\lowlevel\d3d9">
      <UniqueIdentifier>{312073ef-203e-4c4a-9d25-4f88f02b6270}</UniqueIdentifier>
    </Filter>
    <Filter Include="Header Files\gfx\lowlevel\opengl_arb">
      <UniqueIdentifier>{3aa2d5e6-6ca5-4b2d-ad94-0c53946c29ae}</UniqueIdentifier>
    </Filter>
    <Filter Include="Source Files\gfx\lowlevel">
      <UniqueIdentifier>{8c5777eb-609a-4246-8bd3-572e942f95ee}</UniqueIdentifier>
    </Filter>
    <Filter Include="Source Files\gfx\lowlevel\d3d9">
      <UniqueIdentifier>{a46e8cd7-0583-485a-873c-e79d9a31e2ab}</UniqueIdentifier>
    </Filter>
    <Filter Include="Source Files\gfx\lowlevel\opengl_arb">
      <UniqueIdentifier>{5f9ebc02-d018-4063-8a19-5514239006d1}</UniqueIdentifier>
    </Filter>
    <Filter Include="Source Files\audio">
      <UniqueIdentifier>{c81b038f-ce80-44a0-a1e2-70d3d15e3809}</UniqueIdentifier>
    </Filter>
    <Filter Include="Source Files\common">
      <UniqueIdentifier>{0405389a-9842-4fba-955d-19ef133e109e}</UniqueIdentifier>
    </Filter>
    <Filter Include="Source Files\dev">
      <UniqueIdentifier>{6de94718-785b-4e36-ab80-8df0ed0280ce}</UniqueIdentifier>
    </Filter>
    <Filter Include="Source Files\input">
      <UniqueIdentifier>{d8da4de0-f5ba-4061-b102-4fd0807d765a}</UniqueIdentifier>
    </Filter>
    <Filter Include="Source Files\io">
      <UniqueIdentifier>{984949bc-f6b3-419b-b536-bce902e4cc99}</UniqueIdentifier>
    </Filter>
    <Filter Include="Source Files\main_game">
      <UniqueIdentifier>{4ec55ea4-2c2e-4a76-9218-56c1235060b2}</UniqueIdentifier>
    </Filter>
    <Filter Include="Source Files\pcg">
      <UniqueIdentifier>{4795b672-4652-462d-95c6-8c0074bb955c}</UniqueIdentifier>
    </Filter>
    <Filter Include="Source Files\stb">
      <UniqueIdentifier>{67cf8f7e-4012-4dfd-80f3-78f7093a01c6}</UniqueIdentifier>
    </Filter>
    <Filter Include="Source Files\testing">
      <UniqueIdentifier>{60e172a5-d819-4801-85d5-1bdac7f097ba}</UniqueIdentifier>
    </Filter>
    <Filter Include="Source Files\util">
      <UniqueIdentifier>{358cfe14-d0b6-438e-a712-c5d5a63c0c07}</UniqueIdentifier>
    </Filter>
    <Filter Include="Header Files\audio">
      <UniqueIdentifier>{0cd3227b-8983-4730-b3f1-c252e4b36b72}</UniqueIdentifier>
    </Filter>
    <Filter Include="Header Files\common">
      <UniqueIdentifier>{8e282687-f32e-4dbd-972c-c79ad1e5c8fa}</UniqueIdentifier>
    </Filter>
    <Filter Include="Header Files\dev">
      <UniqueIdentifier>{95e32d8c-a37b-46a4-80c1-5e353e0c6fb5}</UniqueIdentifier>
    </Filter>
    <Filter Include="Header Files\input">
      <UniqueIdentifier>{db637cf1-805c-458b-b34d-6d6ab6e6f878}</UniqueIdentifier>
    </Filter>
    <Filter Include="Header Files\io">
      <UniqueIdentifier>{bc41d3a5-9b38-4402-9d7f-b6026404ae15}</UniqueIdentifier>
    </Filter>
    <Filter Include="Header Files\main_game">
      <UniqueIdentifier>{0b7bda4e-4c39-41ea-a00f-e3988bb4713c}</UniqueIdentifier>
    </Filter>
    <Filter Include="Header Files\util">
      <UniqueIdentifier>{8bddee88-c5b1-48a4-921b-f1bdd82dc16e}</UniqueIdentifier>
    </Filter>
    <Filter Include="Header Files\testing">
      <UniqueIdentifier>{77954b59-5b58-4b87-9ec8-710204b91f07}</UniqueIdentifier>
    </Filter>
    <Filter Include="Header Files\pcg">
      <UniqueIdentifier>{70eb4f2b-3d78-4605-81fa-369f669a6825}</UniqueIdentifier>
    </Filter>
  </ItemGroup>
  <ItemGroup>
    <ClCompile Include="..\..\src\game.cpp">
      <Filter>Source Files</Filter>
    </ClCompile>
    <ClCompile Include="..\..\src\global_res.cpp">
      <Filter>Source Files</Filter>
    </ClCompile>
    <ClCompile Include="..\..\src\main.cpp">
      <Filter>Source Files</Filter>
    </ClCompile>
    <ClCompile Include="..\..\src\gfx\font.cpp">
      <Filter>Source Files\gfx</Filter>
    </ClCompile>
    <ClCompile Include="..\..\src\gfx\sprite_renderer.cpp">
      <Filter>Source Files\gfx</Filter>
    </ClCompile>
    <ClCompile Include="..\..\src\gfx\sprite_sheet.cpp">
      <Filter>Source Files\gfx</Filter>
    </ClCompile>
    <ClCompile Include="..\..\src\gfx\helpers\tex_helpers.cpp">
      <Filter>Source Files\gfx\helpers</Filter>
    </ClCompile>
    <ClCompile Include="..\..\src\gfx\helpers\shader_helpers.cpp">
      <Filter>Source Files\gfx\helpers</Filter>
    </ClCompile>
    <ClCompile Include="..\..\src\gfx\lowlevel\d3d9\d3d9_backend.cpp">
      <Filter>Source Files\gfx\lowlevel\d3d9</Filter>
    </ClCompile>
    <ClCompile Include="..\..\src\gfx\lowlevel\d3d9\d3d9_buffers.cpp">
      <Filter>Source Files\gfx\lowlevel\d3d9</Filter>
    </ClCompile>
    <ClCompile Include="..\..\src\gfx\lowlevel\d3d9\d3d9_shader.cpp">
      <Filter>Source Files\gfx\lowlevel\d3d9</Filter>
    </ClCompile>
    <ClCompile Include="..\..\src\gfx\lowlevel\d3d9\d3d9_texture.cpp">
      <Filter>Source Files\gfx\lowlevel\d3d9</Filter>
    </ClCompile>
    <ClCompile Include="..\..\src\gfx\lowlevel\d3d9\d3d9_vertex_desc.cpp">
      <Filter>Source Files\gfx\lowlevel\d3d9</Filter>
    </ClCompile>
    <ClCompile Include="..\..\src\gfx\lowlevel\opengl_arb\opengl_backend.cpp">
      <Filter>Source Files\gfx\lowlevel\opengl_arb</Filter>
    </ClCompile>
    <ClCompile Include="..\..\src\gfx\lowlevel\opengl_arb\opengl_buffers.cpp">
      <Filter>Source Files\gfx\lowlevel\opengl_arb</Filter>
    </ClCompile>
    <ClCompile Include="..\..\src\gfx\lowlevel\opengl_arb\opengl_shader.cpp">
      <Filter>Source Files\gfx\lowlevel\opengl_arb</Filter>
    </ClCompile>
    <ClCompile Include="..\..\src\gfx\lowlevel\opengl_arb\opengl_texture.cpp">
      <Filter>Source Files\gfx\lowlevel\opengl_arb</Filter>
    </ClCompile>
    <ClCompile Include="..\..\src\gfx\lowlevel\opengl_arb\opengl_vertex_desc.cpp">
      <Filter>Source Files\gfx\lowlevel\opengl_arb</Filter>
    </ClCompile>
    <ClCompile Include="..\..\src\gfx\lowlevel\resource.cpp">
      <Filter>Source Files\gfx\lowlevel</Filter>
    </ClCompile>
    <ClCompile Include="..\..\src\audio\audio.cpp">
      <Filter>Source Files\audio</Filter>
    </ClCompile>
    <ClCompile Include="..\..\src\audio\helpers.cpp">
      <Filter>Source Files\audio</Filter>
    </ClCompile>
    <ClCompile Include="..\..\src\audio\music.cpp">
      <Filter>Source Files\audio</Filter>
    </ClCompile>
    <ClCompile Include="..\..\src\audio\sound_effect.cpp">
      <Filter>Source Files\audio</Filter>
    </ClCompile>
    <ClCompile Include="..\..\src\common\color.cpp">
      <Filter>Source Files\common</Filter>
    </ClCompile>
    <ClCompile Include="..\..\src\common\math_ext.cpp">
      <Filter>Source Files\common</Filter>
    </ClCompile>
    <ClCompile Include="..\..\src\util\logging.cpp">
      <Filter>Source Files\util</Filter>
    </ClCompile>
    <ClCompile Include="..\..\src\util\string_utils.cpp">
      <Filter>Source Files\util</Filter>
    </ClCompile>
    <ClCompile Include="..\..\src\pcg\pcg_basic.c">
      <Filter>Source Files\pcg</Filter>
    </ClCompile>
    <ClCompile Include="..\..\src\main_game\chart.cpp">
      <Filter>Source Files\main_game</Filter>
    </ClCompile>
    <ClCompile Include="..\..\src\main_game\event.cpp">
      <Filter>Source Files\main_game</Filter>
    </ClCompile>
    <ClCompile Include="..\..\src\main_game\gamescore.cpp">
      <Filter>Source Files\main_game</Filter>
    </ClCompile>
    <ClCompile Include="..\..\src\main_game\main_game.cpp">
      <Filter>Source Files\main_game</Filter>
    </ClCompile>
    <ClCompile Include="..\..\src\main_game\note.cpp">
      <Filter>Source Files\main_game</Filter>
    </ClCompile>
    <ClCompile Include="..\..\src\io\filesystem.cpp">
      <Filter>Source Files\io</Filter>
    </ClCompile>
    <ClCompile Include="..\..\src\input\keyboard.cpp">
      <Filter>Source Files\input</Filter>
    </ClCompile>
    <ClCompile Include="..\..\src\input\mouse.cpp">
      <Filter>Source Files\input</Filter>
    </ClCompile>
    <ClCompile Include="..\..\src\dev\state_selector.cpp">
      <Filter>Source Files\dev</Filter>
    </ClCompile>
    <ClCompile Include="..\..\src\testing\gfx_backend_test.cpp">
      <Filter>Source Files\testing</Filter>
    </ClCompile>
    <ClCompile Include="..\..\src\testing\input_test.cpp">
      <Filter>Source Files\testing</Filter>
    </ClCompile>
    <ClCompile Include="..\..\src\testing\u16_test.cpp">
      <Filter>Source Files\testing</Filter>
    </ClCompile>
    <ClCompile Include="..\..\src\stb\stb_image.cpp">
      <Filter>Source Files\stb</Filter>
    </ClCompile>
    <ClCompile Include="..\..\lib\glad_release\glad.c">
      <Filter>Source Files</Filter>
    </ClCompile>
    <ClCompile Include="..\..\lib\tinyxml2\tinyxml2.cpp">
      <Filter>Source Files</Filter>
    </ClCompile>
  </ItemGroup>
  <ItemGroup>
    <ClInclude Include="..\..\src\game.h">
      <Filter>Header Files</Filter>
    </ClInclude>
    <ClInclude Include="..\..\src\global_res.h">
      <Filter>Header Files</Filter>
    </ClInclude>
    <ClInclude Include="..\..\src\gfx\font.h">
      <Filter>Header Files\gfx</Filter>
    </ClInclude>
    <ClInclude Include="..\..\src\gfx\sprite_renderer.h">
      <Filter>Header Files\gfx</Filter>
    </ClInclude>
    <ClInclude Include="..\..\src\gfx\sprite_sheet.h">
      <Filter>Header Files\gfx</Filter>
    </ClInclude>
    <ClInclude Include="..\..\src\gfx\helpers\shader_helpers.h">
      <Filter>Header Files\gfx\helpers</Filter>
    </ClInclude>
    <ClInclude Include="..\..\src\gfx\helpers\tex_helpers.h">
      <Filter>Header Files\gfx\helpers</Filter>
    </ClInclude>
    <ClInclude Include="..\..\src\gfx\lowlevel\d3d9\d3d9_backend.h">
      <Filter>Header Files\gfx\lowlevel\d3d9</Filter>
    </ClInclude>
    <ClInclude Include="..\..\src\gfx\lowlevel\d3d9\d3d9_buffers.h">
      <Filter>Header Files\gfx\lowlevel\d3d9</Filter>
    </ClInclude>
    <ClInclude Include="..\..\src\gfx\lowlevel\d3d9\d3d9_defs.h">
      <Filter>Header Files\gfx\lowlevel\d3d9</Filter>
    </ClInclude>
    <ClInclude Include="..\..\src\gfx\lowlevel\d3d9\d3d9_shader.h">
      <Filter>Header Files\gfx\lowlevel\d3d9</Filter>
    </ClInclude>
    <ClInclude Include="..\..\src\gfx\lowlevel\d3d9\d3d9_texture.h">
      <Filter>Header Files\gfx\lowlevel\d3d9</Filter>
    </ClInclude>
    <ClInclude Include="..\..\src\gfx\lowlevel\d3d9\d3d9_vertex_desc.h">
      <Filter>Header Files\gfx\lowlevel\d3d9</Filter>
    </ClInclude>
    <ClInclude Include="..\..\src\gfx\lowlevel\opengl_arb\opengl_backend.h">
      <Filter>Header Files\gfx\lowlevel\opengl_arb</Filter>
    </ClInclude>
    <ClInclude Include="..\..\src\gfx\lowlevel\opengl_arb\opengl_buffers.h">
      <Filter>Header Files\gfx\lowlevel\opengl_arb</Filter>
    </ClInclude>
    <ClInclude Include="..\..\src\gfx\lowlevel\opengl_arb\opengl_defs.h">
      <Filter>Header Files\gfx\lowlevel\opengl_arb</Filter>
    </ClInclude>
    <ClInclude Include="..\..\src\gfx\lowlevel\opengl_arb\opengl_shader.h">
      <Filter>Header Files\gfx\lowlevel\opengl_arb</Filter>
    </ClInclude>
    <ClInclude Include="..\..\src\gfx\lowlevel\opengl_arb\opengl_texture.h">
      <Filter>Header Files\gfx\lowlevel\opengl_arb</Filter>
    </ClInclude>
    <ClInclude Include="..\..\src\gfx\lowlevel\opengl_arb\opengl_vertex_desc.h">
      <Filter>Header Files\gfx\lowlevel\opengl_arb</Filter>
    </ClInclude>
    <ClInclude Include="..\..\src\gfx\lowlevel\backend.h">
      <Filter>Header Files\gfx\lowlevel</Filter>
    </ClInclude>
    <ClInclude Include="..\..\src\gfx\lowlevel\blend_state.h">
      <Filter>Header Files\gfx\lowlevel</Filter>
    </ClInclude>
    <ClInclude Include="..\..\src\gfx\lowlevel\buffers.h">
      <Filter>Header Files\gfx\lowlevel</Filter>
    </ClInclude>
    <ClInclude Include="..\..\src\gfx\lowlevel\resource.h">
      <Filter>Header Files\gfx\lowlevel</Filter>
    </ClInclude>
    <ClInclude Include="..\..\src\gfx\lowlevel\shader.h">
      <Filter>Header Files\gfx\lowlevel</Filter>
    </ClInclude>
    <ClInclude Include="..\..\src\gfx\lowlevel\texture.h">
      <Filter>Header Files\gfx\lowlevel</Filter>
    </ClInclude>
    <ClInclude Include="..\..\src\gfx\lowlevel\vertex_desc.h">
      <Filter>Header Files\gfx\lowlevel</Filter>
    </ClInclude>
    <ClInclude Include="..\..\src\audio\audio.h">
      <Filter>Header Files\audio</Filter>
    </ClInclude>
    <ClInclude Include="..\..\src\audio\audio_defs.h">
      <Filter>Header Files\audio</Filter>
    </ClInclude>
    <ClInclude Include="..\..\src\audio\helpers.h">
      <Filter>Header Files\audio</Filter>
    </ClInclude>
    <ClInclude Include="..\..\src\audio\music.h">
      <Filter>Header Files\audio</Filter>
    </ClInclude>
    <ClInclude Include="..\..\src\audio\sound_effect.h">
      <Filter>Header Files\audio</Filter>
    </ClInclude>
    <ClInclude Include="..\..\src\common\color.h">
      <Filter>Header Files\common</Filter>
    </ClInclude>
    <ClInclude Include="..\..\src\common\int_types.h">
      <Filter>Header Files\common</Filter>
    </ClInclude>
    <ClInclude Include="..\..\src\common\math_ext.h">
      <Filter>Header Files\common</Filter>
    </ClInclude>
    <ClInclude Include="..\..\src\common\rect.h">
      <Filter>Header Files\common</Filter>
    </ClInclude>
    <ClInclude Include="..\..\src\dev\state_selector.h">
      <Filter>Header Files\dev</Filter>
    </ClInclude>
    <ClInclude Include="..\..\src\input\keyboard.h">
      <Filter>Header Files\input</Filter>
    </ClInclude>
    <ClInclude Include="..\..\src\input\mouse.h">
      <Filter>Header Files\input</Filter>
    </ClInclude>
    <ClInclude Include="..\..\src\io\filesystem.h">
      <Filter>Header Files\io</Filter>
    </ClInclude>
    <ClInclude Include="..\..\src\main_game\chart.h">
      <Filter>Header Files\main_game</Filter>
    </ClInclude>
    <ClInclude Include="..\..\src\main_game\event.h">
      <Filter>Header Files\main_game</Filter>
    </ClInclude>
    <ClInclude Include="..\..\src\main_game\gamescore.h">
      <Filter>Header Files\main_game</Filter>
    </ClInclude>
    <ClInclude Include="..\..\src\main_game\main_game.h">
      <Filter>Header Files\main_game</Filter>
    </ClInclude>
    <ClInclude Include="..\..\src\main_game\note.h">
      <Filter>Header Files\main_game</Filter>
    </ClInclude>
    <ClInclude Include="..\..\src\pcg\pcg_basic.h">
      <Filter>Header Files\pcg</Filter>
    </ClInclude>
    <ClInclude Include="..\..\src\testing\gfx_backend_test.h">
      <Filter>Header Files\testing</Filter>
    </ClInclude>
    <ClInclude Include="..\..\src\testing\input_test.h">
      <Filter>Header Files\testing</Filter>
    </ClInclude>
    <ClInclude Include="..\..\src\testing\u16_test.h">
      <Filter>Header Files\testing</Filter>
    </ClInclude>
    <ClInclude Include="..\..\src\util\logging.h">
      <Filter>Header Files\util</Filter>
    </ClInclude>
    <ClInclude Include="..\..\src\util\string_utils.h">
      <Filter>Header Files\util</Filter>
    </ClInclude>
  </ItemGroup>
</Project>