<?xml version="1.0" encoding="utf-8"?>
<Project ToolsVersion="4.0" xmlns="http://schemas.microsoft.com/developer/msbuild/2003">
  <ItemGroup>
    <Filter Include="Source Files">
      <UniqueIdentifier>{4FC737F1-C7A5-4376-A066-2A32D752A2FF}</UniqueIdentifier>
      <Extensions>cpp;c;cc;cxx;c++;cppm;ixx;def;odl;idl;hpj;bat;asm;asmx</Extensions>
    </Filter>
    <Filter Include="Source Files\Rendering">
      <UniqueIdentifier>{8dfb469a-05f0-4a46-8c4f-9ea70a748641}</UniqueIdentifier>
    </Filter>
    <Filter Include="Source Files\Rendering\OpenGL">
      <UniqueIdentifier>{7b08b7d8-ba31-4b41-9537-f32e1c0a3d4e}</UniqueIdentifier>
    </Filter>
    <Filter Include="Source Files\Input">
      <UniqueIdentifier>{c0cd3ac6-f04a-4351-b6ed-ab7c60cbf94d}</UniqueIdentifier>
    </Filter>
    <Filter Include="Source Files\Audio">
      <UniqueIdentifier>{11f7e3dd-77ba-4a25-87c7-834f47fcfd24}</UniqueIdentifier>
    </Filter>
    <Filter Include="Source Files\Audio\Decoding">
      <UniqueIdentifier>{d3f00698-b82f-44cd-9ea1-1830c4c61e74}</UniqueIdentifier>
    </Filter>
    <Filter Include="Source Files\Audio\SampleProvider">
      <UniqueIdentifier>{8cb9ec05-f97c-49aa-9417-a8235f877c85}</UniqueIdentifier>
    </Filter>
    <Filter Include="Source Files\Rendering\D3D9">
      <UniqueIdentifier>{47a5ecfa-16cb-4d1a-b4fe-8bbd46bfefd1}</UniqueIdentifier>
    </Filter>
    <Filter Include="Direct3D 9 Shaders">
      <UniqueIdentifier>{2e0a10f2-ea8e-4178-b9f4-9481ca7b60b6}</UniqueIdentifier>
    </Filter>
    <Filter Include="Source Files\Rendering\Render2D">
      <UniqueIdentifier>{4d30b4a9-7c6a-46f6-9bc5-a373f930bc3c}</UniqueIdentifier>
    </Filter>
    <Filter Include="Source Files\Rendering\D3D9\Detail">
      <UniqueIdentifier>{a7d012cd-8ac0-4879-98fc-ade660559128}</UniqueIdentifier>
    </Filter>
  </ItemGroup>
  <ItemGroup>
    <ClInclude Include="src\GameInstance.h">
      <Filter>Source Files</Filter>
    </ClInclude>
    <ClInclude Include="src\Rendering\Types.h">
      <Filter>Source Files\Rendering</Filter>
    </ClInclude>
    <ClInclude Include="src\Rendering\OpenGL\OpenGLDevice.h">
      <Filter>Source Files\Rendering\OpenGL</Filter>
    </ClInclude>
    <ClInclude Include="src\Rendering\OpenGL\OpenGLVertexDesc.h">
      <Filter>Source Files\Rendering\OpenGL</Filter>
    </ClInclude>
    <ClInclude Include="src\Rendering\VertexDesc.h">
      <Filter>Source Files\Rendering</Filter>
    </ClInclude>
    <ClInclude Include="src\Rendering\Buffers.h">
      <Filter>Source Files\Rendering</Filter>
    </ClInclude>
    <ClInclude Include="src\Rendering\OpenGL\OpenGLBuffers.h">
      <Filter>Source Files\Rendering\OpenGL</Filter>
    </ClInclude>
    <ClInclude Include="src\Rendering\Shader.h">
      <Filter>Source Files\Rendering</Filter>
    </ClInclude>
    <ClInclude Include="src\Rendering\OpenGL\OpenGLShader.h">
      <Filter>Source Files\Rendering\OpenGL</Filter>
    </ClInclude>
    <ClInclude Include="src\Rendering\Texture.h">
      <Filter>Source Files\Rendering</Filter>
    </ClInclude>
    <ClInclude Include="src\Rendering\OpenGL\OpenGLTexture.h">
      <Filter>Source Files\Rendering\OpenGL</Filter>
    </ClInclude>
    <ClInclude Include="src\Rendering\OpenGL\OpenGLCommon.h">
      <Filter>Source Files\Rendering\OpenGL</Filter>
    </ClInclude>
    <ClInclude Include="src\Rendering\Device.h">
      <Filter>Source Files\Rendering</Filter>
    </ClInclude>
    <ClInclude Include="src\Rendering\Render2D\SpriteSheet.h">
      <Filter>Source Files\Rendering\Render2D</Filter>
    </ClInclude>
    <ClInclude Include="src\Rendering\Render2D\SpriteSheetRenderer.h">
      <Filter>Source Files\Rendering\Render2D</Filter>
    </ClInclude>
    <ClInclude Include="src\Rendering\Render2D\Font.h">
      <Filter>Source Files\Rendering\Render2D</Filter>
    </ClInclude>
    <ClInclude Include="src\Rendering\Render2D\FontRenderer.h">
      <Filter>Source Files\Rendering\Render2D</Filter>
    </ClInclude>
    <ClInclude Include="src\Rendering\Render2D\SpriteRenderer.h">
      <Filter>Source Files\Rendering\Render2D</Filter>
    </ClInclude>
    <ClInclude Include="src\Rendering\Utilities.h">
      <Filter>Source Files\Rendering</Filter>
    </ClInclude>
    <ClInclude Include="src\Input\Keyboard.h">
      <Filter>Source Files\Input</Filter>
    </ClInclude>
    <ClInclude Include="src\Input\Mouse.h">
      <Filter>Source Files\Input</Filter>
    </ClInclude>
    <ClInclude Include="src\Audio\AudioEngine.h">
      <Filter>Source Files\Audio</Filter>
    </ClInclude>
    <ClInclude Include="src\Audio\Decoding\OggVorbisDecoder.h">
      <Filter>Source Files\Audio\Decoding</Filter>
    </ClInclude>
    <ClInclude Include="src\Audio\Decoding\WavDecoder.h">
      <Filter>Source Files\Audio\Decoding</Filter>
    </ClInclude>
    <ClInclude Include="src\Audio\Decoding\DecoderFactory.h">
      <Filter>Source Files\Audio\Decoding</Filter>
    </ClInclude>
    <ClInclude Include="src\Audio\Decoding\IDecoder.h">
      <Filter>Source Files\Audio\Decoding</Filter>
    </ClInclude>
    <ClInclude Include="src\Audio\SampleProvider\StreamingSampleProvider.h">
      <Filter>Source Files\Audio\SampleProvider</Filter>
    </ClInclude>
    <ClInclude Include="src\Audio\SampleProvider\ISampleProvider.h">
      <Filter>Source Files\Audio\SampleProvider</Filter>
    </ClInclude>
    <ClInclude Include="src\Audio\SampleProvider\MemorySampleProvider.h">
      <Filter>Source Files\Audio\SampleProvider</Filter>
    </ClInclude>
    <ClInclude Include="src\Input\Gamepad.h">
      <Filter>Source Files\Input</Filter>
    </ClInclude>
    <ClInclude Include="src\Input\GamepadTypes.h">
      <Filter>Source Files\Input</Filter>
    </ClInclude>
    <ClInclude Include="src\Window.h">
      <Filter>Source Files</Filter>
    </ClInclude>
    <ClInclude Include="src\Rendering\D3D9\D3D9Device.h">
      <Filter>Source Files\Rendering\D3D9</Filter>
    </ClInclude>
    <ClInclude Include="src\Rendering\D3D9\D3D9Buffers.h">
      <Filter>Source Files\Rendering\D3D9</Filter>
    </ClInclude>
    <ClInclude Include="src\Rendering\D3D9\D3D9Common.h">
      <Filter>Source Files\Rendering\D3D9</Filter>
    </ClInclude>
    <ClInclude Include="src\Rendering\D3D9\D3D9VertexDesc.h">
      <Filter>Source Files\Rendering\D3D9</Filter>
    </ClInclude>
    <ClInclude Include="src\Rendering\D3D9\D3D9Shader.h">
      <Filter>Source Files\Rendering\D3D9</Filter>
    </ClInclude>
    <ClInclude Include="src\Rendering\D3D9\D3D9Texture.h">
      <Filter>Source Files\Rendering\D3D9</Filter>
    </ClInclude>
    <ClInclude Include="src\Rendering\D3D9\Detail\HalfPixelFixup.h">
      <Filter>Source Files\Rendering\D3D9\Detail</Filter>
    </ClInclude>
  </ItemGroup>
  <ItemGroup>
    <None Include="src\.editorconfig">
      <Filter>Source Files</Filter>
    </None>
  </ItemGroup>
  <ItemGroup>
    <ClCompile Include="src\GameInstance.cpp">
      <Filter>Source Files</Filter>
    </ClCompile>
    <ClCompile Include="src\Rendering\OpenGL\glad.c">
      <Filter>Source Files\Rendering\OpenGL</Filter>
    </ClCompile>
    <ClCompile Include="src\Rendering\OpenGL\OpenGLDevice.cpp">
      <Filter>Source Files\Rendering\OpenGL</Filter>
    </ClCompile>
    <ClCompile Include="src\Rendering\OpenGL\OpenGLBuffers.cpp">
      <Filter>Source Files\Rendering\OpenGL</Filter>
    </ClCompile>
    <ClCompile Include="src\Rendering\OpenGL\OpenGLVertexDesc.cpp">
      <Filter>Source Files\Rendering\OpenGL</Filter>
    </ClCompile>
    <ClCompile Include="src\Rendering\OpenGL\OpenGLShader.cpp">
      <Filter>Source Files\Rendering\OpenGL</Filter>
    </ClCompile>
    <ClCompile Include="src\Rendering\OpenGL\OpenGLTexture.cpp">
      <Filter>Source Files\Rendering\OpenGL</Filter>
    </ClCompile>
    <ClCompile Include="src\Rendering\Device.cpp">
      <Filter>Source Files\Rendering</Filter>
    </ClCompile>
    <ClCompile Include="src\Rendering\Render2D\SpriteSheet.cpp">
      <Filter>Source Files\Rendering\Render2D</Filter>
    </ClCompile>
    <ClCompile Include="src\Rendering\Render2D\SpriteSheetRenderer.cpp">
      <Filter>Source Files\Rendering\Render2D</Filter>
    </ClCompile>
    <ClCompile Include="src\Rendering\Render2D\Font.cpp">
      <Filter>Source Files\Rendering\Render2D</Filter>
    </ClCompile>
    <ClCompile Include="src\Rendering\Render2D\FontRenderer.cpp">
      <Filter>Source Files\Rendering\Render2D</Filter>
    </ClCompile>
    <ClCompile Include="src\Rendering\Render2D\SpriteRenderer.cpp">
      <Filter>Source Files\Rendering\Render2D</Filter>
    </ClCompile>
    <ClCompile Include="src\Rendering\Utilities.cpp">
      <Filter>Source Files\Rendering</Filter>
    </ClCompile>
    <ClCompile Include="src\Input\Keyboard.cpp">
      <Filter>Source Files\Input</Filter>
    </ClCompile>
    <ClCompile Include="src\Input\Mouse.cpp">
      <Filter>Source Files\Input</Filter>
    </ClCompile>
    <ClCompile Include="src\Audio\AudioEngine.cpp">
      <Filter>Source Files\Audio</Filter>
    </ClCompile>
    <ClCompile Include="src\Audio\Decoding\OggVorbisDecoder.cpp">
      <Filter>Source Files\Audio\Decoding</Filter>
    </ClCompile>
    <ClCompile Include="src\Audio\Decoding\WavDecoder.cpp">
      <Filter>Source Files\Audio\Decoding</Filter>
    </ClCompile>
    <ClCompile Include="src\Audio\Decoding\DecoderFactory.cpp">
      <Filter>Source Files\Audio\Decoding</Filter>
    </ClCompile>
    <ClCompile Include="src\Audio\SampleProvider\StreamingSampleProvider.cpp">
      <Filter>Source Files\Audio\SampleProvider</Filter>
    </ClCompile>
    <ClCompile Include="src\Audio\SampleProvider\MemorySampleProvider.cpp">
      <Filter>Source Files\Audio\SampleProvider</Filter>
    </ClCompile>
    <ClCompile Include="src\Input\Gamepad.cpp">
      <Filter>Source Files\Input</Filter>
    </ClCompile>
    <ClCompile Include="src\Window.cpp">
      <Filter>Source Files</Filter>
    </ClCompile>
    <ClCompile Include="src\Rendering\D3D9\D3D9Device.cpp">
      <Filter>Source Files\Rendering\D3D9</Filter>
    </ClCompile>
    <ClCompile Include="src\Rendering\D3D9\D3D9Buffers.cpp">
      <Filter>Source Files\Rendering\D3D9</Filter>
    </ClCompile>
    <ClCompile Include="src\Rendering\D3D9\D3D9VertexDesc.cpp">
      <Filter>Source Files\Rendering\D3D9</Filter>
    </ClCompile>
    <ClCompile Include="src\Rendering\D3D9\D3D9Shader.cpp">
      <Filter>Source Files\Rendering\D3D9</Filter>
    </ClCompile>
    <ClCompile Include="src\Rendering\D3D9\D3D9Texture.cpp">
      <Filter>Source Files\Rendering\D3D9</Filter>
    </ClCompile>
    <ClCompile Include="src\Rendering\D3D9\Detail\HalfPixelFixup.cpp">
      <Filter>Source Files\Rendering\D3D9\Detail</Filter>
    </ClCompile>
  </ItemGroup>
  <ItemGroup>
    <FxCompile Include="d3d9shaders\src\FS_Test.hlsl">
      <Filter>Direct3D 9 Shaders</Filter>
    </FxCompile>
    <FxCompile Include="d3d9shaders\src\VS_Test.hlsl">
      <Filter>Direct3D 9 Shaders</Filter>
    </FxCompile>
    <FxCompile Include="d3d9shaders\src\VS_MatrixTransform.hlsl">
      <Filter>Direct3D 9 Shaders</Filter>
    </FxCompile>
    <FxCompile Include="d3d9shaders\src\VS_SpriteDefault.hlsl">
      <Filter>Direct3D 9 Shaders</Filter>
    </FxCompile>
    <FxCompile Include="d3d9shaders\src\FS_SpriteDefault.hlsl">
      <Filter>Direct3D 9 Shaders</Filter>
    </FxCompile>
  </ItemGroup>
</Project>