<?xml version="1.0" encoding="utf-8"?>
<Project ToolsVersion="4.0" xmlns="http://schemas.microsoft.com/developer/msbuild/2003">
  <ItemGroup>
    <ClCompile Include="..\lib\glad\src\glad.c">
      <Filter>lib\glad\src</Filter>
    </ClCompile>
    <ClCompile Include="game\main.cpp">
      <Filter>src\game</Filter>
    </ClCompile>
    <ClCompile Include="game\util\logging.cpp">
      <Filter>src\game\util</Filter>
    </ClCompile>
    <ClCompile Include="game\util\string_utils.cpp">
      <Filter>src\game\util</Filter>
    </ClCompile>
    <ClCompile Include="game\game.cpp">
      <Filter>src\game</Filter>
    </ClCompile>
    <ClCompile Include="game\testing\RenderingTest.cpp">
      <Filter>src\game\testing</Filter>
    </ClCompile>
    <ClCompile Include="game\gfx\Renderer.cpp">
      <Filter>src\game\gfx</Filter>
    </ClCompile>
    <ClCompile Include="game\gfx\Core\OpenGL\OpenGLBackend.cpp">
      <Filter>src\game\gfx\Core\OpenGL</Filter>
    </ClCompile>
    <ClCompile Include="game\gfx\Render2D\SpriteRenderer.cpp">
      <Filter>src\game\gfx\Render2D</Filter>
    </ClCompile>
    <ClCompile Include="game\testing\SpriteTest.cpp">
      <Filter>src\game\testing</Filter>
    </ClCompile>
    <ClCompile Include="game\input\Keyboard.cpp">
      <Filter>src\game\input</Filter>
    </ClCompile>
    <ClCompile Include="game\gfx\Render2D\Font.cpp">
      <Filter>src\game\gfx\Render2D</Filter>
    </ClCompile>
    <ClCompile Include="game\gfx\Render2D\FontRenderer.cpp">
      <Filter>src\game\gfx\Render2D</Filter>
    </ClCompile>
    <ClCompile Include="game\testing\AudioTest.cpp">
      <Filter>src\game\testing</Filter>
    </ClCompile>
    <ClCompile Include="game\gfx\Render2D\SpriteSheet.cpp">
      <Filter>src\game\gfx\Render2D</Filter>
    </ClCompile>
    <ClCompile Include="game\gfx\Render2D\SpriteSheetRenderer.cpp">
      <Filter>src\game\gfx\Render2D</Filter>
    </ClCompile>
    <ClCompile Include="game\main_game\HUD.cpp">
      <Filter>src\game\main_game</Filter>
    </ClCompile>
    <ClCompile Include="game\main_game\MainGame.cpp">
      <Filter>src\game\main_game</Filter>
    </ClCompile>
    <ClCompile Include="game\main_game\Chart.cpp">
      <Filter>src\game\main_game</Filter>
    </ClCompile>
    <ClCompile Include="game\audio\AudioEngine.cpp">
      <Filter>src\game\audio</Filter>
    </ClCompile>
    <ClCompile Include="game\gfx\Core\D3D9\D3D9Backend.cpp">
      <Filter>src\game\gfx\Core\D3D9</Filter>
    </ClCompile>
    <ClCompile Include="game\audio\SampleProvider\MemorySampleProvider.cpp">
      <Filter>src\game\audio\SampleProvider</Filter>
    </ClCompile>
    <ClCompile Include="game\audio\Decoding\WavDecoder.cpp">
      <Filter>src\game\audio\Decoding</Filter>
    </ClCompile>
    <ClCompile Include="game\audio\Decoding\DecoderFactory.cpp">
      <Filter>src\game\audio\Decoding</Filter>
    </ClCompile>
    <ClCompile Include="game\audio\Decoding\OggVorbisDecoder.cpp">
      <Filter>src\game\audio\Decoding</Filter>
    </ClCompile>
    <ClCompile Include="game\audio\SampleProvider\StreamingSampleProvider.cpp">
      <Filter>src\game\audio\SampleProvider</Filter>
    </ClCompile>
    <ClCompile Include="game\testing\DataTest.cpp">
      <Filter>src\game\testing</Filter>
    </ClCompile>
  </ItemGroup>
  <ItemGroup>
    <ClInclude Include="game\build\build_info.h">
      <Filter>src\game\build</Filter>
    </ClInclude>
    <ClInclude Include="game\build\build_info_dummy.h">
      <Filter>src\game\build</Filter>
    </ClInclude>
    <ClInclude Include="game\util\logging.h">
      <Filter>src\game\util</Filter>
    </ClInclude>
    <ClInclude Include="game\util\string_utils.h">
      <Filter>src\game\util</Filter>
    </ClInclude>
    <ClInclude Include="game\game.h">
      <Filter>src\game</Filter>
    </ClInclude>
    <ClInclude Include="game\game_state.h">
      <Filter>src\game</Filter>
    </ClInclude>
    <ClInclude Include="game\testing\RenderingTest.h">
      <Filter>src\game\testing</Filter>
    </ClInclude>
    <ClInclude Include="game\gfx\Core\IBackend.h">
      <Filter>src\game\gfx\Core</Filter>
    </ClInclude>
    <ClInclude Include="game\gfx\Core\OpenGL\OpenGLBackend.h">
      <Filter>src\game\gfx\Core\OpenGL</Filter>
    </ClInclude>
    <ClInclude Include="game\gfx\Core\OpenGL\OpenGLVertexDesc.h">
      <Filter>src\game\gfx\Core\OpenGL</Filter>
    </ClInclude>
    <ClInclude Include="game\gfx\Buffers.h">
      <Filter>src\game\gfx</Filter>
    </ClInclude>
    <ClInclude Include="game\gfx\Renderer.h">
      <Filter>src\game\gfx</Filter>
    </ClInclude>
    <ClInclude Include="game\gfx\Resource.h">
      <Filter>src\game\gfx</Filter>
    </ClInclude>
    <ClInclude Include="game\gfx\Shader.h">
      <Filter>src\game\gfx</Filter>
    </ClInclude>
    <ClInclude Include="game\gfx\Texture.h">
      <Filter>src\game\gfx</Filter>
    </ClInclude>
    <ClInclude Include="game\gfx\Types.h">
      <Filter>src\game\gfx</Filter>
    </ClInclude>
    <ClInclude Include="game\gfx\VertexDesc.h">
      <Filter>src\game\gfx</Filter>
    </ClInclude>
    <ClInclude Include="game\gfx\Render2D\SpriteRenderer.h">
      <Filter>src\game\gfx\Render2D</Filter>
    </ClInclude>
    <ClInclude Include="game\testing\SpriteTest.h">
      <Filter>src\game\testing</Filter>
    </ClInclude>
    <ClInclude Include="game\input\Keyboard.h">
      <Filter>src\game\input</Filter>
    </ClInclude>
    <ClInclude Include="game\gfx\Render2D\Font.h">
      <Filter>src\game\gfx\Render2D</Filter>
    </ClInclude>
    <ClInclude Include="game\gfx\Render2D\FontRenderer.h">
      <Filter>src\game\gfx\Render2D</Filter>
    </ClInclude>
    <ClInclude Include="game\testing\AudioTest.h">
      <Filter>src\game\testing</Filter>
    </ClInclude>
    <ClInclude Include="game\gfx\Render2D\SpriteSheet.h">
      <Filter>src\game\gfx\Render2D</Filter>
    </ClInclude>
    <ClInclude Include="game\gfx\Render2D\SpriteSheetRenderer.h">
      <Filter>src\game\gfx\Render2D</Filter>
    </ClInclude>
    <ClInclude Include="game\main_game\HitEvaluation.h">
      <Filter>src\game\main_game</Filter>
    </ClInclude>
    <ClInclude Include="game\main_game\HUD.h">
      <Filter>src\game\main_game</Filter>
    </ClInclude>
    <ClInclude Include="game\main_game\MainGame.h">
      <Filter>src\game\main_game</Filter>
    </ClInclude>
    <ClInclude Include="game\main_game\Chart.h">
      <Filter>src\game\main_game</Filter>
    </ClInclude>
    <ClInclude Include="game\audio\AudioEngine.h">
      <Filter>src\game\audio</Filter>
    </ClInclude>
    <ClInclude Include="game\gfx\Core\D3D9\D3D9Backend.h">
      <Filter>src\game\gfx\Core\D3D9</Filter>
    </ClInclude>
    <ClInclude Include="game\audio\SampleProvider\ISampleProvider.h">
      <Filter>src\game\audio\SampleProvider</Filter>
    </ClInclude>
    <ClInclude Include="game\audio\SampleProvider\MemorySampleProvider.h">
      <Filter>src\game\audio\SampleProvider</Filter>
    </ClInclude>
    <ClInclude Include="game\audio\Decoding\WavDecoder.h">
      <Filter>src\game\audio\Decoding</Filter>
    </ClInclude>
    <ClInclude Include="game\audio\Decoding\DecoderFactory.h">
      <Filter>src\game\audio\Decoding</Filter>
    </ClInclude>
    <ClInclude Include="game\audio\Decoding\IDecoder.h">
      <Filter>src\game\audio\Decoding</Filter>
    </ClInclude>
    <ClInclude Include="game\audio\Decoding\OggVorbisDecoder.h">
      <Filter>src\game\audio\Decoding</Filter>
    </ClInclude>
    <ClInclude Include="game\res\resource.h">
      <Filter>res</Filter>
    </ClInclude>
    <ClInclude Include="game\audio\SampleProvider\StreamingSampleProvider.h">
      <Filter>src\game\audio\SampleProvider</Filter>
    </ClInclude>
    <ClInclude Include="game\testing\DataTest.h">
      <Filter>src\game\testing</Filter>
    </ClInclude>
  </ItemGroup>
  <ItemGroup>
    <Filter Include="lib">
      <UniqueIdentifier>{612deef4-ff27-42bf-9fd4-48a97a36cc7d}</UniqueIdentifier>
    </Filter>
    <Filter Include="lib\glad">
      <UniqueIdentifier>{301f0989-7bbf-44d5-b08e-050bec22b62a}</UniqueIdentifier>
    </Filter>
    <Filter Include="lib\glad\src">
      <UniqueIdentifier>{bf5e71b7-dcd3-4234-83a8-30655ef399b3}</UniqueIdentifier>
    </Filter>
    <Filter Include="src">
      <UniqueIdentifier>{009eb1fd-59c3-47ce-b7d2-27c734134923}</UniqueIdentifier>
    </Filter>
    <Filter Include="src\game">
      <UniqueIdentifier>{08dcbe40-1568-4367-8bc5-da14270a58b4}</UniqueIdentifier>
    </Filter>
    <Filter Include="src\game\gfx">
      <UniqueIdentifier>{3a34a654-14b2-434c-abeb-905b5fadb08f}</UniqueIdentifier>
    </Filter>
    <Filter Include="src\game\input">
      <UniqueIdentifier>{17dd7525-f9fc-4fb9-814b-3d9619d0a836}</UniqueIdentifier>
    </Filter>
    <Filter Include="src\game\main_game">
      <UniqueIdentifier>{a0b9677d-9edb-4cf4-8f12-fb12c28f34a9}</UniqueIdentifier>
    </Filter>
    <Filter Include="src\game\testing">
      <UniqueIdentifier>{d5a6558e-b6b2-4dfc-9eff-d38e147a1bd1}</UniqueIdentifier>
    </Filter>
    <Filter Include="src\game\util">
      <UniqueIdentifier>{042b8263-96fd-41d5-90ab-770cc67fdb5c}</UniqueIdentifier>
    </Filter>
    <Filter Include="src\game\audio">
      <UniqueIdentifier>{da5821fc-a8c6-47e3-994a-4cf36d12f0b7}</UniqueIdentifier>
    </Filter>
    <Filter Include="src\game\build">
      <UniqueIdentifier>{7425f36f-6c8c-4f06-be29-c7d207489033}</UniqueIdentifier>
    </Filter>
    <Filter Include="src\game\gfx\Core">
      <UniqueIdentifier>{7d1b1719-b36c-4a99-92f5-6e52e0296244}</UniqueIdentifier>
    </Filter>
    <Filter Include="src\game\gfx\Core\OpenGL">
      <UniqueIdentifier>{0e78b484-8e46-4071-a2e9-778b63dd6aa8}</UniqueIdentifier>
    </Filter>
    <Filter Include="src\game\gfx\Core\D3D9">
      <UniqueIdentifier>{fc22504d-d1bf-47b1-a6be-04ab7a439c0b}</UniqueIdentifier>
    </Filter>
    <Filter Include="src\game\gfx\Render2D">
      <UniqueIdentifier>{0d1f7f42-8796-4f71-b429-5d60570b932a}</UniqueIdentifier>
    </Filter>
    <Filter Include="src\game\audio\SampleProvider">
      <UniqueIdentifier>{185f9855-e0f1-4120-b9e4-7a75f663e636}</UniqueIdentifier>
    </Filter>
    <Filter Include="src\game\audio\Decoding">
      <UniqueIdentifier>{c7e3b211-d44f-4f19-88f0-a84d8b91dc6b}</UniqueIdentifier>
    </Filter>
    <Filter Include="res">
      <UniqueIdentifier>{5d6d06da-1f33-429f-a721-67529c365a1d}</UniqueIdentifier>
    </Filter>
  </ItemGroup>
  <ItemGroup>
    <None Include="game\.editorconfig">
      <Filter>src\game</Filter>
    </None>
  </ItemGroup>
  <ItemGroup>
    <Image Include="game\res\GameIcon.ico">
      <Filter>res</Filter>
    </Image>
  </ItemGroup>
  <ItemGroup>
    <ResourceCompile Include="game\res\Game.rc">
      <Filter>res</Filter>
    </ResourceCompile>
  </ItemGroup>
</Project>