<?xml version="1.0" encoding="utf-8"?>
<Project ToolsVersion="4.0" xmlns="http://schemas.microsoft.com/developer/msbuild/2003">
  <ItemGroup>
    <ClCompile Include="..\lib\glad\src\glad.c">
      <Filter>lib\glad\src</Filter>
    </ClCompile>
    <ClCompile Include="..\lib\tinyxml2\src\tinyxml2.cpp">
      <Filter>lib\tinyxml2\src</Filter>
    </ClCompile>
    <ClCompile Include="game\common\color.cpp">
      <Filter>src\game\common</Filter>
    </ClCompile>
    <ClCompile Include="game\common\math_ext.cpp">
      <Filter>src\game\common</Filter>
    </ClCompile>
    <ClCompile Include="game\main.cpp">
      <Filter>src\game</Filter>
    </ClCompile>
    <ClCompile Include="game\pcg\pcg_basic.c">
      <Filter>src\game\pcg</Filter>
    </ClCompile>
    <ClCompile Include="game\stb\stb_image.cpp">
      <Filter>src\game\stb</Filter>
    </ClCompile>
    <ClCompile Include="game\util\logging.cpp">
      <Filter>src\game\util</Filter>
    </ClCompile>
    <ClCompile Include="game\util\string_utils.cpp">
      <Filter>src\game\util</Filter>
    </ClCompile>
    <ClCompile Include="..\lib\fmt\src\format.cc">
      <Filter>lib\fmt\src</Filter>
    </ClCompile>
    <ClCompile Include="game\game.cpp">
      <Filter>src\game</Filter>
    </ClCompile>
    <ClCompile Include="game\testing\RenderingTest.cpp">
      <Filter>src\game\testing</Filter>
    </ClCompile>
    <ClCompile Include="game\io\File.cpp">
      <Filter>src\game\io</Filter>
    </ClCompile>
    <ClCompile Include="game\gfx\Renderer.cpp">
      <Filter>src\game\gfx</Filter>
    </ClCompile>
    <ClCompile Include="game\gfx\Core\OpenGL\OpenGLBackend.cpp">
      <Filter>src\game\gfx\Core\OpenGL</Filter>
    </ClCompile>
    <ClCompile Include="game\gfx\Core\D3D9\D3D9Backend.cpp">
      <Filter>src\game\gfx\Core\D3D9</Filter>
    </ClCompile>
    <ClCompile Include="game\gfx\Render2D\SpriteRenderer.cpp">
      <Filter>src\game\gfx\Render2D</Filter>
    </ClCompile>
    <ClCompile Include="game\testing\SpriteTest.cpp">
      <Filter>src\game\testing</Filter>
    </ClCompile>
    <ClCompile Include="game\input\Keyboard.cpp">
      <Filter>src\game\input</Filter>
    </ClCompile>
    <ClCompile Include="game\gfx\Render2D\Font.cpp">
      <Filter>src\game\gfx\Render2D</Filter>
    </ClCompile>
    <ClCompile Include="game\gfx\Render2D\FontRenderer.cpp">
      <Filter>src\game\gfx\Render2D</Filter>
    </ClCompile>
    <ClCompile Include="game\testing\AudioTest.cpp">
      <Filter>src\game\testing</Filter>
    </ClCompile>
    <ClCompile Include="game\audio\AudioEngine.cpp">
      <Filter>src\game\audio</Filter>
    </ClCompile>
    <ClCompile Include="game\audio\SampleProvider\MemorySampleProvider.cpp">
      <Filter>src\game\audio\SampleProvider</Filter>
    </ClCompile>
    <ClCompile Include="game\audio\ChannelMixer.cpp">
      <Filter>src\game\audio</Filter>
    </ClCompile>
  </ItemGroup>
  <ItemGroup>
    <ClInclude Include="game\build\build_info.h">
      <Filter>src\game\build</Filter>
    </ClInclude>
    <ClInclude Include="game\build\build_info_dummy.h">
      <Filter>src\game\build</Filter>
    </ClInclude>
    <ClInclude Include="game\common\color.h">
      <Filter>src\game\common</Filter>
    </ClInclude>
    <ClInclude Include="game\common\math_ext.h">
      <Filter>src\game\common</Filter>
    </ClInclude>
    <ClInclude Include="game\common\rect.h">
      <Filter>src\game\common</Filter>
    </ClInclude>
    <ClInclude Include="game\common\types.h">
      <Filter>src\game\common</Filter>
    </ClInclude>
    <ClInclude Include="game\pcg\pcg_basic.h">
      <Filter>src\game\pcg</Filter>
    </ClInclude>
    <ClInclude Include="game\util\logging.h">
      <Filter>src\game\util</Filter>
    </ClInclude>
    <ClInclude Include="game\util\string_utils.h">
      <Filter>src\game\util</Filter>
    </ClInclude>
    <ClInclude Include="game\game.h">
      <Filter>src\game</Filter>
    </ClInclude>
    <ClInclude Include="game\game_state.h">
      <Filter>src\game</Filter>
    </ClInclude>
    <ClInclude Include="game\testing\RenderingTest.h">
      <Filter>src\game\testing</Filter>
    </ClInclude>
    <ClInclude Include="game\gfx\Core\IBackend.h">
      <Filter>src\game\gfx\Core</Filter>
    </ClInclude>
    <ClInclude Include="game\gfx\Core\OpenGL\OpenGLBackend.h">
      <Filter>src\game\gfx\Core\OpenGL</Filter>
    </ClInclude>
    <ClInclude Include="game\gfx\Core\D3D9\D3D9Backend.h">
      <Filter>src\game\gfx\Core\D3D9</Filter>
    </ClInclude>
    <ClInclude Include="game\io\File.h">
      <Filter>src\game\io</Filter>
    </ClInclude>
    <ClInclude Include="game\gfx\Core\OpenGL\OpenGLVertexDesc.h">
      <Filter>src\game\gfx\Core\OpenGL</Filter>
    </ClInclude>
    <ClInclude Include="game\io\Xml.h">
      <Filter>src\game\io</Filter>
    </ClInclude>
    <ClInclude Include="game\gfx\Buffers.h">
      <Filter>src\game\gfx</Filter>
    </ClInclude>
    <ClInclude Include="game\gfx\Renderer.h">
      <Filter>src\game\gfx</Filter>
    </ClInclude>
    <ClInclude Include="game\gfx\Resource.h">
      <Filter>src\game\gfx</Filter>
    </ClInclude>
    <ClInclude Include="game\gfx\Shader.h">
      <Filter>src\game\gfx</Filter>
    </ClInclude>
    <ClInclude Include="game\gfx\Texture.h">
      <Filter>src\game\gfx</Filter>
    </ClInclude>
    <ClInclude Include="game\gfx\Types.h">
      <Filter>src\game\gfx</Filter>
    </ClInclude>
    <ClInclude Include="game\gfx\VertexDesc.h">
      <Filter>src\game\gfx</Filter>
    </ClInclude>
    <ClInclude Include="game\gfx\Render2D\SpriteRenderer.h">
      <Filter>src\game\gfx\Render2D</Filter>
    </ClInclude>
    <ClInclude Include="game\testing\SpriteTest.h">
      <Filter>src\game\testing</Filter>
    </ClInclude>
    <ClInclude Include="game\input\Keyboard.h">
      <Filter>src\game\input</Filter>
    </ClInclude>
    <ClInclude Include="game\gfx\Render2D\Font.h">
      <Filter>src\game\gfx\Render2D</Filter>
    </ClInclude>
    <ClInclude Include="game\gfx\Render2D\FontRenderer.h">
      <Filter>src\game\gfx\Render2D</Filter>
    </ClInclude>
    <ClInclude Include="game\audio\AudioEngine.h">
      <Filter>src\game\audio</Filter>
    </ClInclude>
    <ClInclude Include="game\testing\AudioTest.h">
      <Filter>src\game\testing</Filter>
    </ClInclude>
    <ClInclude Include="game\audio\SampleProvider\ISampleProvider.h">
      <Filter>src\game\audio\SampleProvider</Filter>
    </ClInclude>
    <ClInclude Include="game\audio\SampleProvider\MemorySampleProvider.h">
      <Filter>src\game\audio\SampleProvider</Filter>
    </ClInclude>
    <ClInclude Include="game\audio\ChannelMixer.h">
      <Filter>src\game\audio</Filter>
    </ClInclude>
  </ItemGroup>
  <ItemGroup>
    <Filter Include="lib">
      <UniqueIdentifier>{612deef4-ff27-42bf-9fd4-48a97a36cc7d}</UniqueIdentifier>
    </Filter>
    <Filter Include="lib\glad">
      <UniqueIdentifier>{301f0989-7bbf-44d5-b08e-050bec22b62a}</UniqueIdentifier>
    </Filter>
    <Filter Include="lib\glad\src">
      <UniqueIdentifier>{bf5e71b7-dcd3-4234-83a8-30655ef399b3}</UniqueIdentifier>
    </Filter>
    <Filter Include="lib\tinyxml2">
      <UniqueIdentifier>{cad3976b-9f90-4c5b-857c-135f8e65c080}</UniqueIdentifier>
    </Filter>
    <Filter Include="lib\tinyxml2\src">
      <UniqueIdentifier>{d7a9e1fd-cc22-4e9d-ba68-514a53670f75}</UniqueIdentifier>
    </Filter>
    <Filter Include="src">
      <UniqueIdentifier>{009eb1fd-59c3-47ce-b7d2-27c734134923}</UniqueIdentifier>
    </Filter>
    <Filter Include="src\game">
      <UniqueIdentifier>{08dcbe40-1568-4367-8bc5-da14270a58b4}</UniqueIdentifier>
    </Filter>
    <Filter Include="src\game\common">
      <UniqueIdentifier>{ea77930c-7d88-4cd0-969f-005c29fe4266}</UniqueIdentifier>
    </Filter>
    <Filter Include="src\game\gfx">
      <UniqueIdentifier>{3a34a654-14b2-434c-abeb-905b5fadb08f}</UniqueIdentifier>
    </Filter>
    <Filter Include="src\game\input">
      <UniqueIdentifier>{17dd7525-f9fc-4fb9-814b-3d9619d0a836}</UniqueIdentifier>
    </Filter>
    <Filter Include="src\game\io">
      <UniqueIdentifier>{c581a64b-b9f8-495d-82f3-4d1ce5e92b56}</UniqueIdentifier>
    </Filter>
    <Filter Include="src\game\main_game">
      <UniqueIdentifier>{a0b9677d-9edb-4cf4-8f12-fb12c28f34a9}</UniqueIdentifier>
    </Filter>
    <Filter Include="src\game\pcg">
      <UniqueIdentifier>{aee02285-4768-4951-b05a-a582d0a72bf5}</UniqueIdentifier>
    </Filter>
    <Filter Include="src\game\stb">
      <UniqueIdentifier>{c43fb75a-742c-4d18-8402-e504629b89fa}</UniqueIdentifier>
    </Filter>
    <Filter Include="src\game\testing">
      <UniqueIdentifier>{d5a6558e-b6b2-4dfc-9eff-d38e147a1bd1}</UniqueIdentifier>
    </Filter>
    <Filter Include="src\game\util">
      <UniqueIdentifier>{042b8263-96fd-41d5-90ab-770cc67fdb5c}</UniqueIdentifier>
    </Filter>
    <Filter Include="src\game\audio">
      <UniqueIdentifier>{da5821fc-a8c6-47e3-994a-4cf36d12f0b7}</UniqueIdentifier>
    </Filter>
    <Filter Include="src\game\build">
      <UniqueIdentifier>{7425f36f-6c8c-4f06-be29-c7d207489033}</UniqueIdentifier>
    </Filter>
    <Filter Include="lib\fmt">
      <UniqueIdentifier>{75c579ed-3ef8-43bf-8bcc-01878f03d454}</UniqueIdentifier>
    </Filter>
    <Filter Include="lib\fmt\src">
      <UniqueIdentifier>{8c98a807-7cdf-4ea2-974f-536c9132fdde}</UniqueIdentifier>
    </Filter>
    <Filter Include="src\game\gfx\Core">
      <UniqueIdentifier>{7d1b1719-b36c-4a99-92f5-6e52e0296244}</UniqueIdentifier>
    </Filter>
    <Filter Include="src\game\gfx\Core\OpenGL">
      <UniqueIdentifier>{0e78b484-8e46-4071-a2e9-778b63dd6aa8}</UniqueIdentifier>
    </Filter>
    <Filter Include="src\game\gfx\Core\D3D9">
      <UniqueIdentifier>{fc22504d-d1bf-47b1-a6be-04ab7a439c0b}</UniqueIdentifier>
    </Filter>
    <Filter Include="src\game\gfx\Render2D">
      <UniqueIdentifier>{0d1f7f42-8796-4f71-b429-5d60570b932a}</UniqueIdentifier>
    </Filter>
    <Filter Include="src\game\audio\SampleProvider">
      <UniqueIdentifier>{21a4185e-1d0d-4fb4-87aa-eb57aff30a1f}</UniqueIdentifier>
    </Filter>
  </ItemGroup>
  <ItemGroup>
    <None Include="game\.editorconfig">
      <Filter>src\game</Filter>
    </None>
  </ItemGroup>
</Project>