<?xml version="1.0" encoding="utf-8"?>
<Project ToolsVersion="4.0" xmlns="http://schemas.microsoft.com/developer/msbuild/2003">
  <ItemGroup>
    <ClCompile Include="tool_spritepack\stb\stb_image_write.cpp">
      <Filter>stb</Filter>
    </ClCompile>
    <ClCompile Include="tool_spritepack\main.cpp" />
    <ClCompile Include="tool_spritepack\io\binary_writer.cpp">
      <Filter>io</Filter>
    </ClCompile>
    <ClCompile Include="tool_spritepack\rect_pack.cpp" />
    <ClCompile Include="tool_spritepack\types.cpp" />
    <ClCompile Include="tool_spritepack\stb\stb_image.cpp">
      <Filter>stb</Filter>
    </ClCompile>
  </ItemGroup>
  <ItemGroup>
    <ClInclude Include="tool_spritepack\io\binary_writer.h">
      <Filter>io</Filter>
    </ClInclude>
    <ClInclude Include="tool_spritepack\rect_pack.h" />
    <ClInclude Include="tool_spritepack\int_types.h" />
    <ClInclude Include="tool_spritepack\types.h" />
  </ItemGroup>
  <ItemGroup>
    <Filter Include="stb">
      <UniqueIdentifier>{97e2074d-9248-4b64-ad02-36c70d1ae45e}</UniqueIdentifier>
    </Filter>
    <Filter Include="qoi">
      <UniqueIdentifier>{4d1a7a08-3ea7-4e75-af4c-e160fe754444}</UniqueIdentifier>
    </Filter>
    <Filter Include="io">
      <UniqueIdentifier>{0c3a3326-1106-4b4c-aae1-5a2ddec515ac}</UniqueIdentifier>
    </Filter>
  </ItemGroup>
</Project>