
Microsoft Visual Studio Solution File, Format Version 12.00
# Visual Studio Version 16
VisualStudioVersion = 16.0.35731.53
MinimumVisualStudioVersion = 10.0.40219.1
Project("{8BC9CEB8-8B4A-11D0-8D11-00A0C91BC942}") = "DIVA", "DIVA\DIVA.vcxproj", "{79A89A63-DA6F-4969-B8D6-68C98539A1F5}"
EndProject
Project("{8BC9CEB8-8B4A-11D0-8D11-00A0C91BC942}") = "SpritePack", "SpritePack\SpritePack.vcxproj", "{CDDCE57B-12D1-42AD-BE9C-23B973C01FA4}"
EndProject
Global
	GlobalSection(SolutionConfigurationPlatforms) = preSolution
		Debug|x64 = Debug|x64
		Debug|x86 = Debug|x86
		Release|x64 = Release|x64
		Release|x86 = Release|x86
	EndGlobalSection
	GlobalSection(ProjectConfigurationPlatforms) = postSolution
		{79A89A63-DA6F-4969-B8D6-68C98539A1F5}.Debug|x64.ActiveCfg = Debug|x64
		{79A89A63-DA6F-4969-B8D6-68C98539A1F5}.Debug|x64.Build.0 = Debug|x64
		{79A89A63-DA6F-4969-B8D6-68C98539A1F5}.Debug|x86.ActiveCfg = Debug|Win32
		{79A89A63-DA6F-4969-B8D6-68C98539A1F5}.Debug|x86.Build.0 = Debug|Win32
		{79A89A63-DA6F-4969-B8D6-68C98539A1F5}.Release|x64.ActiveCfg = Release|x64
		{79A89A63-DA6F-4969-B8D6-68C98539A1F5}.Release|x64.Build.0 = Release|x64
		{79A89A63-DA6F-4969-B8D6-68C98539A1F5}.Release|x86.ActiveCfg = Release|Win32
		{79A89A63-DA6F-4969-B8D6-68C98539A1F5}.Release|x86.Build.0 = Release|Win32
		{CDDCE57B-12D1-42AD-BE9C-23B973C01FA4}.Debug|x64.ActiveCfg = Debug|x64
		{CDDCE57B-12D1-42AD-BE9C-23B973C01FA4}.Debug|x64.Build.0 = Debug|x64
		{CDDCE57B-12D1-42AD-BE9C-23B973C01FA4}.Debug|x86.ActiveCfg = Debug|Win32
		{CDDCE57B-12D1-42AD-BE9C-23B973C01FA4}.Debug|x86.Build.0 = Debug|Win32
		{CDDCE57B-12D1-42AD-BE9C-23B973C01FA4}.Release|x64.ActiveCfg = Release|x64
		{CDDCE57B-12D1-42AD-BE9C-23B973C01FA4}.Release|x64.Build.0 = Release|x64
		{CDDCE57B-12D1-42AD-BE9C-23B973C01FA4}.Release|x86.ActiveCfg = Release|Win32
		{CDDCE57B-12D1-42AD-BE9C-23B973C01FA4}.Release|x86.Build.0 = Release|Win32
	EndGlobalSection
	GlobalSection(SolutionProperties) = preSolution
		HideSolutionNode = FALSE
	EndGlobalSection
	GlobalSection(ExtensibilityGlobals) = postSolution
		SolutionGuid = {56D5044D-F276-4955-BF2C-0A12698B5A0B}
	EndGlobalSection
EndGlobal
